
Microsoft Visual Studio Solution File, Format Version 12.00
# Visual Studio 14
VisualStudioVersion = 14.0.25420.1
MinimumVisualStudioVersion = 10.0.40219.1
Project("{FAE04EC0-301F-11D3-BF4B-00C04F79EFBC}") = "PartyInvites", "PartyInvites\PartyInvites.csproj", "{285A9381-730A-4875-9C3C-1DC1C5413E4D}"
EndProject
Project("{FAE04EC0-301F-11D3-BF4B-00C04F79EFBC}") = "LanguageFeatures", "LanguageFeatures\LanguageFeatures.csproj", "{8E00377A-6DB3-4893-9B53-E464A4360619}"
EndProject
Project("{FAE04EC0-301F-11D3-BF4B-00C04F79EFBC}") = "EssentialTools", "EssentialTools\EssentialTools.csproj", "{9011BE31-803E-40CE-A840-B9401DFD2FD7}"
EndProject
Project("{FAE04EC0-301F-11D3-BF4B-00C04F79EFBC}") = "EssentialTools.Tests", "EssentialTools.Tests\EssentialTools.Tests.csproj", "{218DD38E-AC67-4B98-81E7-B98C744820D0}"
EndProject
Global
	GlobalSection(SolutionConfigurationPlatforms) = preSolution
		Debug|Any CPU = Debug|Any CPU
		Release|Any CPU = Release|Any CPU
	EndGlobalSection
	GlobalSection(ProjectConfigurationPlatforms) = postSolution
		{285A9381-730A-4875-9C3C-1DC1C5413E4D}.Debug|Any CPU.ActiveCfg = Debug|Any CPU
		{285A9381-730A-4875-9C3C-1DC1C5413E4D}.Debug|Any CPU.Build.0 = Debug|Any CPU
		{285A9381-730A-4875-9C3C-1DC1C5413E4D}.Release|Any CPU.ActiveCfg = Release|Any CPU
		{285A9381-730A-4875-9C3C-1DC1C5413E4D}.Release|Any CPU.Build.0 = Release|Any CPU
		{8E00377A-6DB3-4893-9B53-E464A4360619}.Debug|Any CPU.ActiveCfg = Debug|Any CPU
		{8E00377A-6DB3-4893-9B53-E464A4360619}.Debug|Any CPU.Build.0 = Debug|Any CPU
		{8E00377A-6DB3-4893-9B53-E464A4360619}.Release|Any CPU.ActiveCfg = Release|Any CPU
		{8E00377A-6DB3-4893-9B53-E464A4360619}.Release|Any CPU.Build.0 = Release|Any CPU
		{9011BE31-803E-40CE-A840-B9401DFD2FD7}.Debug|Any CPU.ActiveCfg = Debug|Any CPU
		{9011BE31-803E-40CE-A840-B9401DFD2FD7}.Debug|Any CPU.Build.0 = Debug|Any CPU
		{9011BE31-803E-40CE-A840-B9401DFD2FD7}.Release|Any CPU.ActiveCfg = Release|Any CPU
		{9011BE31-803E-40CE-A840-B9401DFD2FD7}.Release|Any CPU.Build.0 = Release|Any CPU
		{218DD38E-AC67-4B98-81E7-B98C744820D0}.Debug|Any CPU.ActiveCfg = Debug|Any CPU
		{218DD38E-AC67-4B98-81E7-B98C744820D0}.Debug|Any CPU.Build.0 = Debug|Any CPU
		{218DD38E-AC67-4B98-81E7-B98C744820D0}.Release|Any CPU.ActiveCfg = Release|Any CPU
		{218DD38E-AC67-4B98-81E7-B98C744820D0}.Release|Any CPU.Build.0 = Release|Any CPU
	EndGlobalSection
	GlobalSection(SolutionProperties) = preSolution
		HideSolutionNode = FALSE
	EndGlobalSection
EndGlobal
